
Microsoft Visual Studio Solution File, Format Version 12.00
# Visual Studio Version 16
VisualStudioVersion = 16.0.29709.97
MinimumVisualStudioVersion = 10.0.40219.1
Project("{9A19103F-16F7-4668-BE54-9A1E7A4F7556}") = "FindSingleNumber", "FindSingleNumber\FindSingleNumber.csproj", "{34B53F1C-0280-425A-85BC-D1614C53B7F7}"
EndProject
Project("{9A19103F-16F7-4668-BE54-9A1E7A4F7556}") = "HappyNumber", "HappyNumber\HappyNumber.csproj", "{CDA6214C-85DC-425C-8EDF-76D9B2E87970}"
EndProject
Project("{9A19103F-16F7-4668-BE54-9A1E7A4F7556}") = "MaximumSubArray", "MaximumSubArray\MaximumSubArray.csproj", "{A9DE2663-51D8-4CEE-AA59-E16A14EF72F2}"
EndProject
Project("{9A19103F-16F7-4668-BE54-9A1E7A4F7556}") = "MoveZeroes", "MoveZeroes\MoveZeroes.csproj", "{758F6B4A-48A8-4AB9-84A3-4947AB42C387}"
EndProject
Project("{9A19103F-16F7-4668-BE54-9A1E7A4F7556}") = "BestTimeToBuyAndSellStockII", "BestTimeToBuyAndSellStockII\BestTimeToBuyAndSellStockII.csproj", "{8D2AC73F-A553-4D79-8E4A-3C03C15569E6}"
EndProject
Project("{9A19103F-16F7-4668-BE54-9A1E7A4F7556}") = "GroupAnagrams", "GroupAnagrams\GroupAnagrams.csproj", "{17D73B6E-A2B0-44A7-8056-A62A73568B8A}"
EndProject
Project("{9A19103F-16F7-4668-BE54-9A1E7A4F7556}") = "CountingElements", "CountingElements\CountingElements.csproj", "{23A201E6-5F39-4397-8882-5C6039D4A2D4}"
EndProject
Project("{9A19103F-16F7-4668-BE54-9A1E7A4F7556}") = "MiddleOfLinkedList", "MiddleOfLinkedList\MiddleOfLinkedList.csproj", "{D830E1DE-6A31-4259-90A1-A2F2D822D5FC}"
EndProject
Project("{9A19103F-16F7-4668-BE54-9A1E7A4F7556}") = "BackSpaceStringCompare", "BackSpaceStringCompare\BackSpaceStringCompare.csproj", "{8C47ED63-1B2D-42F7-AC67-53E4BEAF87AA}"
EndProject
Project("{9A19103F-16F7-4668-BE54-9A1E7A4F7556}") = "MinStack", "MinStack\MinStack.csproj", "{02B77B46-2355-4D2C-BE4B-6C065AA78FEF}"
EndProject
Project("{FAE04EC0-301F-11D3-BF4B-00C04F79EFBC}") = "DiameterOfBinaryTree", "DiameterOfBinaryTree\DiameterOfBinaryTree.csproj", "{00BA8906-9DFB-41A1-89D8-664D2151D7FB}"
EndProject
Global
	GlobalSection(SolutionConfigurationPlatforms) = preSolution
		Debug|Any CPU = Debug|Any CPU
		Release|Any CPU = Release|Any CPU
	EndGlobalSection
	GlobalSection(ProjectConfigurationPlatforms) = postSolution
		{34B53F1C-0280-425A-85BC-D1614C53B7F7}.Debug|Any CPU.ActiveCfg = Debug|Any CPU
		{34B53F1C-0280-425A-85BC-D1614C53B7F7}.Debug|Any CPU.Build.0 = Debug|Any CPU
		{34B53F1C-0280-425A-85BC-D1614C53B7F7}.Release|Any CPU.ActiveCfg = Release|Any CPU
		{34B53F1C-0280-425A-85BC-D1614C53B7F7}.Release|Any CPU.Build.0 = Release|Any CPU
		{CDA6214C-85DC-425C-8EDF-76D9B2E87970}.Debug|Any CPU.ActiveCfg = Debug|Any CPU
		{CDA6214C-85DC-425C-8EDF-76D9B2E87970}.Debug|Any CPU.Build.0 = Debug|Any CPU
		{CDA6214C-85DC-425C-8EDF-76D9B2E87970}.Release|Any CPU.ActiveCfg = Release|Any CPU
		{CDA6214C-85DC-425C-8EDF-76D9B2E87970}.Release|Any CPU.Build.0 = Release|Any CPU
		{A9DE2663-51D8-4CEE-AA59-E16A14EF72F2}.Debug|Any CPU.ActiveCfg = Debug|Any CPU
		{A9DE2663-51D8-4CEE-AA59-E16A14EF72F2}.Debug|Any CPU.Build.0 = Debug|Any CPU
		{A9DE2663-51D8-4CEE-AA59-E16A14EF72F2}.Release|Any CPU.ActiveCfg = Release|Any CPU
		{A9DE2663-51D8-4CEE-AA59-E16A14EF72F2}.Release|Any CPU.Build.0 = Release|Any CPU
		{758F6B4A-48A8-4AB9-84A3-4947AB42C387}.Debug|Any CPU.ActiveCfg = Debug|Any CPU
		{758F6B4A-48A8-4AB9-84A3-4947AB42C387}.Debug|Any CPU.Build.0 = Debug|Any CPU
		{758F6B4A-48A8-4AB9-84A3-4947AB42C387}.Release|Any CPU.ActiveCfg = Release|Any CPU
		{758F6B4A-48A8-4AB9-84A3-4947AB42C387}.Release|Any CPU.Build.0 = Release|Any CPU
		{8D2AC73F-A553-4D79-8E4A-3C03C15569E6}.Debug|Any CPU.ActiveCfg = Debug|Any CPU
		{8D2AC73F-A553-4D79-8E4A-3C03C15569E6}.Debug|Any CPU.Build.0 = Debug|Any CPU
		{8D2AC73F-A553-4D79-8E4A-3C03C15569E6}.Release|Any CPU.ActiveCfg = Release|Any CPU
		{8D2AC73F-A553-4D79-8E4A-3C03C15569E6}.Release|Any CPU.Build.0 = Release|Any CPU
		{17D73B6E-A2B0-44A7-8056-A62A73568B8A}.Debug|Any CPU.ActiveCfg = Debug|Any CPU
		{17D73B6E-A2B0-44A7-8056-A62A73568B8A}.Debug|Any CPU.Build.0 = Debug|Any CPU
		{17D73B6E-A2B0-44A7-8056-A62A73568B8A}.Release|Any CPU.ActiveCfg = Release|Any CPU
		{17D73B6E-A2B0-44A7-8056-A62A73568B8A}.Release|Any CPU.Build.0 = Release|Any CPU
		{23A201E6-5F39-4397-8882-5C6039D4A2D4}.Debug|Any CPU.ActiveCfg = Debug|Any CPU
		{23A201E6-5F39-4397-8882-5C6039D4A2D4}.Debug|Any CPU.Build.0 = Debug|Any CPU
		{23A201E6-5F39-4397-8882-5C6039D4A2D4}.Release|Any CPU.ActiveCfg = Release|Any CPU
		{23A201E6-5F39-4397-8882-5C6039D4A2D4}.Release|Any CPU.Build.0 = Release|Any CPU
		{D830E1DE-6A31-4259-90A1-A2F2D822D5FC}.Debug|Any CPU.ActiveCfg = Debug|Any CPU
		{D830E1DE-6A31-4259-90A1-A2F2D822D5FC}.Debug|Any CPU.Build.0 = Debug|Any CPU
		{D830E1DE-6A31-4259-90A1-A2F2D822D5FC}.Release|Any CPU.ActiveCfg = Release|Any CPU
		{D830E1DE-6A31-4259-90A1-A2F2D822D5FC}.Release|Any CPU.Build.0 = Release|Any CPU
		{8C47ED63-1B2D-42F7-AC67-53E4BEAF87AA}.Debug|Any CPU.ActiveCfg = Debug|Any CPU
		{8C47ED63-1B2D-42F7-AC67-53E4BEAF87AA}.Debug|Any CPU.Build.0 = Debug|Any CPU
		{8C47ED63-1B2D-42F7-AC67-53E4BEAF87AA}.Release|Any CPU.ActiveCfg = Release|Any CPU
		{8C47ED63-1B2D-42F7-AC67-53E4BEAF87AA}.Release|Any CPU.Build.0 = Release|Any CPU
		{02B77B46-2355-4D2C-BE4B-6C065AA78FEF}.Debug|Any CPU.ActiveCfg = Debug|Any CPU
		{02B77B46-2355-4D2C-BE4B-6C065AA78FEF}.Debug|Any CPU.Build.0 = Debug|Any CPU
		{02B77B46-2355-4D2C-BE4B-6C065AA78FEF}.Release|Any CPU.ActiveCfg = Release|Any CPU
		{02B77B46-2355-4D2C-BE4B-6C065AA78FEF}.Release|Any CPU.Build.0 = Release|Any CPU
		{00BA8906-9DFB-41A1-89D8-664D2151D7FB}.Debug|Any CPU.ActiveCfg = Debug|Any CPU
		{00BA8906-9DFB-41A1-89D8-664D2151D7FB}.Debug|Any CPU.Build.0 = Debug|Any CPU
		{00BA8906-9DFB-41A1-89D8-664D2151D7FB}.Release|Any CPU.ActiveCfg = Release|Any CPU
		{00BA8906-9DFB-41A1-89D8-664D2151D7FB}.Release|Any CPU.Build.0 = Release|Any CPU
	EndGlobalSection
	GlobalSection(SolutionProperties) = preSolution
		HideSolutionNode = FALSE
	EndGlobalSection
	GlobalSection(ExtensibilityGlobals) = postSolution
		SolutionGuid = {9B096D6C-6E58-48EA-B9EC-1F0025EBC32F}
	EndGlobalSection
EndGlobal
