
Microsoft Visual Studio Solution File, Format Version 12.00
# Visual Studio Version 16
VisualStudioVersion = 16.0.29709.97
MinimumVisualStudioVersion = 10.0.40219.1
Project("{9A19103F-16F7-4668-BE54-9A1E7A4F7556}") = "FindSingleNumber", "FindSingleNumber\FindSingleNumber.csproj", "{34B53F1C-0280-425A-85BC-D1614C53B7F7}"
EndProject
Project("{9A19103F-16F7-4668-BE54-9A1E7A4F7556}") = "HappyNumber", "HappyNumber\HappyNumber.csproj", "{CDA6214C-85DC-425C-8EDF-76D9B2E87970}"
EndProject
Project("{9A19103F-16F7-4668-BE54-9A1E7A4F7556}") = "MaximumSubArray", "MaximumSubArray\MaximumSubArray.csproj", "{A9DE2663-51D8-4CEE-AA59-E16A14EF72F2}"
EndProject
Project("{9A19103F-16F7-4668-BE54-9A1E7A4F7556}") = "MoveZeroes", "MoveZeroes\MoveZeroes.csproj", "{758F6B4A-48A8-4AB9-84A3-4947AB42C387}"
EndProject
Project("{9A19103F-16F7-4668-BE54-9A1E7A4F7556}") = "BestTimeToBuyAndSellStockII", "BestTimeToBuyAndSellStockII\BestTimeToBuyAndSellStockII.csproj", "{8D2AC73F-A553-4D79-8E4A-3C03C15569E6}"
EndProject
Project("{9A19103F-16F7-4668-BE54-9A1E7A4F7556}") = "GroupAnagrams", "GroupAnagrams\GroupAnagrams.csproj", "{17D73B6E-A2B0-44A7-8056-A62A73568B8A}"
EndProject
Project("{9A19103F-16F7-4668-BE54-9A1E7A4F7556}") = "CountingElements", "CountingElements\CountingElements.csproj", "{23A201E6-5F39-4397-8882-5C6039D4A2D4}"
EndProject
Project("{9A19103F-16F7-4668-BE54-9A1E7A4F7556}") = "MiddleOfLinkedList", "MiddleOfLinkedList\MiddleOfLinkedList.csproj", "{D830E1DE-6A31-4259-90A1-A2F2D822D5FC}"
EndProject
Project("{9A19103F-16F7-4668-BE54-9A1E7A4F7556}") = "BackSpaceStringCompare", "BackSpaceStringCompare\BackSpaceStringCompare.csproj", "{8C47ED63-1B2D-42F7-AC67-53E4BEAF87AA}"
EndProject
Project("{9A19103F-16F7-4668-BE54-9A1E7A4F7556}") = "MinStack", "MinStack\MinStack.csproj", "{02B77B46-2355-4D2C-BE4B-6C065AA78FEF}"
EndProject
Project("{9A19103F-16F7-4668-BE54-9A1E7A4F7556}") = "DiameterOfBinaryTree", "DiameterOfBinaryTree\DiameterOfBinaryTree.csproj", "{00BA8906-9DFB-41A1-89D8-664D2151D7FB}"
EndProject
Project("{9A19103F-16F7-4668-BE54-9A1E7A4F7556}") = "LastStoneWeight", "LastStoneWeight\LastStoneWeight.csproj", "{67265BBB-5A23-48FD-AD2A-BAF61B8DF553}"
EndProject
Project("{9A19103F-16F7-4668-BE54-9A1E7A4F7556}") = "ContiguousArray", "ContiguousArray\ContiguousArray.csproj", "{7C7BD3C5-9EAD-4810-BD34-8844738FC63F}"
EndProject
Project("{9A19103F-16F7-4668-BE54-9A1E7A4F7556}") = "PerformStringShifts", "PerformStringShifts\PerformStringShifts.csproj", "{8C8F26C9-18F3-4E77-B7AD-2FB8466EF3BE}"
EndProject
Project("{9A19103F-16F7-4668-BE54-9A1E7A4F7556}") = "ProductOfArrayExceptSelf", "ProductOfArrayExceptSelf\ProductOfArrayExceptSelf.csproj", "{823D13CB-4CCF-4185-B235-02DE74CDFCCB}"
EndProject
Project("{9A19103F-16F7-4668-BE54-9A1E7A4F7556}") = "ValidParenthesisString", "ValidParenthesisString\ValidParenthesisString.csproj", "{7C4FC8E1-4FCF-4BCF-A06B-1F4E8AB1FD85}"
EndProject
Project("{9A19103F-16F7-4668-BE54-9A1E7A4F7556}") = "NumberOfIslands", "NumberOfIslands\NumberOfIslands.csproj", "{485B8644-FACA-4F88-B928-3E73C0AC5748}"
EndProject
Project("{9A19103F-16F7-4668-BE54-9A1E7A4F7556}") = "MinimumPathSum", "MinimumPathSum\MinimumPathSum.csproj", "{29D1BF13-DCC2-4A57-94A9-ED4EA85D2F68}"
EndProject
Project("{9A19103F-16F7-4668-BE54-9A1E7A4F7556}") = "SearchInRotatedSortedArray", "SearchInRotatedSortedArray\SearchInRotatedSortedArray.csproj", "{75A5AA93-52AE-416E-84D5-4C87C0205690}"
EndProject
Project("{9A19103F-16F7-4668-BE54-9A1E7A4F7556}") = "BSTreeFromPreOrder", "BSTreeFromPreOrder\BSTreeFromPreOrder.csproj", "{69322433-0F49-4EE2-A367-F7CB32C918C9}"
EndProject
Project("{9A19103F-16F7-4668-BE54-9A1E7A4F7556}") = "SubArrayAumEqualsK", "SubArrayAumEqualsK\SubArrayAumEqualsK.csproj", "{225FFA3E-983E-4BA8-96E3-FAB10D352362}"
EndProject
Project("{FAE04EC0-301F-11D3-BF4B-00C04F79EFBC}") = "LRUCache", "LRUCache\LRUCache.csproj", "{8DA0F615-EAFB-4D17-83F4-7EEE726DEFE1}"
EndProject
Project("{FAE04EC0-301F-11D3-BF4B-00C04F79EFBC}") = "JumpGame", "JumpGame\JumpGame.csproj", "{0AF09CDF-57D9-4153-A796-4E03C77166B1}"
EndProject
Project("{FAE04EC0-301F-11D3-BF4B-00C04F79EFBC}") = "LongestCommonSubsequence", "LongestCommonSubsequence\LongestCommonSubsequence.csproj", "{D0F82EC4-1C73-40BA-923F-1A7333F4CBFB}"
EndProject
Global
	GlobalSection(SolutionConfigurationPlatforms) = preSolution
		Debug|Any CPU = Debug|Any CPU
		Release|Any CPU = Release|Any CPU
	EndGlobalSection
	GlobalSection(ProjectConfigurationPlatforms) = postSolution
		{34B53F1C-0280-425A-85BC-D1614C53B7F7}.Debug|Any CPU.ActiveCfg = Debug|Any CPU
		{34B53F1C-0280-425A-85BC-D1614C53B7F7}.Debug|Any CPU.Build.0 = Debug|Any CPU
		{34B53F1C-0280-425A-85BC-D1614C53B7F7}.Release|Any CPU.ActiveCfg = Release|Any CPU
		{34B53F1C-0280-425A-85BC-D1614C53B7F7}.Release|Any CPU.Build.0 = Release|Any CPU
		{CDA6214C-85DC-425C-8EDF-76D9B2E87970}.Debug|Any CPU.ActiveCfg = Debug|Any CPU
		{CDA6214C-85DC-425C-8EDF-76D9B2E87970}.Debug|Any CPU.Build.0 = Debug|Any CPU
		{CDA6214C-85DC-425C-8EDF-76D9B2E87970}.Release|Any CPU.ActiveCfg = Release|Any CPU
		{CDA6214C-85DC-425C-8EDF-76D9B2E87970}.Release|Any CPU.Build.0 = Release|Any CPU
		{A9DE2663-51D8-4CEE-AA59-E16A14EF72F2}.Debug|Any CPU.ActiveCfg = Debug|Any CPU
		{A9DE2663-51D8-4CEE-AA59-E16A14EF72F2}.Debug|Any CPU.Build.0 = Debug|Any CPU
		{A9DE2663-51D8-4CEE-AA59-E16A14EF72F2}.Release|Any CPU.ActiveCfg = Release|Any CPU
		{A9DE2663-51D8-4CEE-AA59-E16A14EF72F2}.Release|Any CPU.Build.0 = Release|Any CPU
		{758F6B4A-48A8-4AB9-84A3-4947AB42C387}.Debug|Any CPU.ActiveCfg = Debug|Any CPU
		{758F6B4A-48A8-4AB9-84A3-4947AB42C387}.Debug|Any CPU.Build.0 = Debug|Any CPU
		{758F6B4A-48A8-4AB9-84A3-4947AB42C387}.Release|Any CPU.ActiveCfg = Release|Any CPU
		{758F6B4A-48A8-4AB9-84A3-4947AB42C387}.Release|Any CPU.Build.0 = Release|Any CPU
		{8D2AC73F-A553-4D79-8E4A-3C03C15569E6}.Debug|Any CPU.ActiveCfg = Debug|Any CPU
		{8D2AC73F-A553-4D79-8E4A-3C03C15569E6}.Debug|Any CPU.Build.0 = Debug|Any CPU
		{8D2AC73F-A553-4D79-8E4A-3C03C15569E6}.Release|Any CPU.ActiveCfg = Release|Any CPU
		{8D2AC73F-A553-4D79-8E4A-3C03C15569E6}.Release|Any CPU.Build.0 = Release|Any CPU
		{17D73B6E-A2B0-44A7-8056-A62A73568B8A}.Debug|Any CPU.ActiveCfg = Debug|Any CPU
		{17D73B6E-A2B0-44A7-8056-A62A73568B8A}.Debug|Any CPU.Build.0 = Debug|Any CPU
		{17D73B6E-A2B0-44A7-8056-A62A73568B8A}.Release|Any CPU.ActiveCfg = Release|Any CPU
		{17D73B6E-A2B0-44A7-8056-A62A73568B8A}.Release|Any CPU.Build.0 = Release|Any CPU
		{23A201E6-5F39-4397-8882-5C6039D4A2D4}.Debug|Any CPU.ActiveCfg = Debug|Any CPU
		{23A201E6-5F39-4397-8882-5C6039D4A2D4}.Debug|Any CPU.Build.0 = Debug|Any CPU
		{23A201E6-5F39-4397-8882-5C6039D4A2D4}.Release|Any CPU.ActiveCfg = Release|Any CPU
		{23A201E6-5F39-4397-8882-5C6039D4A2D4}.Release|Any CPU.Build.0 = Release|Any CPU
		{D830E1DE-6A31-4259-90A1-A2F2D822D5FC}.Debug|Any CPU.ActiveCfg = Debug|Any CPU
		{D830E1DE-6A31-4259-90A1-A2F2D822D5FC}.Debug|Any CPU.Build.0 = Debug|Any CPU
		{D830E1DE-6A31-4259-90A1-A2F2D822D5FC}.Release|Any CPU.ActiveCfg = Release|Any CPU
		{D830E1DE-6A31-4259-90A1-A2F2D822D5FC}.Release|Any CPU.Build.0 = Release|Any CPU
		{8C47ED63-1B2D-42F7-AC67-53E4BEAF87AA}.Debug|Any CPU.ActiveCfg = Debug|Any CPU
		{8C47ED63-1B2D-42F7-AC67-53E4BEAF87AA}.Debug|Any CPU.Build.0 = Debug|Any CPU
		{8C47ED63-1B2D-42F7-AC67-53E4BEAF87AA}.Release|Any CPU.ActiveCfg = Release|Any CPU
		{8C47ED63-1B2D-42F7-AC67-53E4BEAF87AA}.Release|Any CPU.Build.0 = Release|Any CPU
		{02B77B46-2355-4D2C-BE4B-6C065AA78FEF}.Debug|Any CPU.ActiveCfg = Debug|Any CPU
		{02B77B46-2355-4D2C-BE4B-6C065AA78FEF}.Debug|Any CPU.Build.0 = Debug|Any CPU
		{02B77B46-2355-4D2C-BE4B-6C065AA78FEF}.Release|Any CPU.ActiveCfg = Release|Any CPU
		{02B77B46-2355-4D2C-BE4B-6C065AA78FEF}.Release|Any CPU.Build.0 = Release|Any CPU
		{00BA8906-9DFB-41A1-89D8-664D2151D7FB}.Debug|Any CPU.ActiveCfg = Debug|Any CPU
		{00BA8906-9DFB-41A1-89D8-664D2151D7FB}.Debug|Any CPU.Build.0 = Debug|Any CPU
		{00BA8906-9DFB-41A1-89D8-664D2151D7FB}.Release|Any CPU.ActiveCfg = Release|Any CPU
		{00BA8906-9DFB-41A1-89D8-664D2151D7FB}.Release|Any CPU.Build.0 = Release|Any CPU
		{67265BBB-5A23-48FD-AD2A-BAF61B8DF553}.Debug|Any CPU.ActiveCfg = Debug|Any CPU
		{67265BBB-5A23-48FD-AD2A-BAF61B8DF553}.Debug|Any CPU.Build.0 = Debug|Any CPU
		{67265BBB-5A23-48FD-AD2A-BAF61B8DF553}.Release|Any CPU.ActiveCfg = Release|Any CPU
		{67265BBB-5A23-48FD-AD2A-BAF61B8DF553}.Release|Any CPU.Build.0 = Release|Any CPU
		{7C7BD3C5-9EAD-4810-BD34-8844738FC63F}.Debug|Any CPU.ActiveCfg = Debug|Any CPU
		{7C7BD3C5-9EAD-4810-BD34-8844738FC63F}.Debug|Any CPU.Build.0 = Debug|Any CPU
		{7C7BD3C5-9EAD-4810-BD34-8844738FC63F}.Release|Any CPU.ActiveCfg = Release|Any CPU
		{7C7BD3C5-9EAD-4810-BD34-8844738FC63F}.Release|Any CPU.Build.0 = Release|Any CPU
		{8C8F26C9-18F3-4E77-B7AD-2FB8466EF3BE}.Debug|Any CPU.ActiveCfg = Debug|Any CPU
		{8C8F26C9-18F3-4E77-B7AD-2FB8466EF3BE}.Debug|Any CPU.Build.0 = Debug|Any CPU
		{8C8F26C9-18F3-4E77-B7AD-2FB8466EF3BE}.Release|Any CPU.ActiveCfg = Release|Any CPU
		{8C8F26C9-18F3-4E77-B7AD-2FB8466EF3BE}.Release|Any CPU.Build.0 = Release|Any CPU
		{823D13CB-4CCF-4185-B235-02DE74CDFCCB}.Debug|Any CPU.ActiveCfg = Debug|Any CPU
		{823D13CB-4CCF-4185-B235-02DE74CDFCCB}.Debug|Any CPU.Build.0 = Debug|Any CPU
		{823D13CB-4CCF-4185-B235-02DE74CDFCCB}.Release|Any CPU.ActiveCfg = Release|Any CPU
		{823D13CB-4CCF-4185-B235-02DE74CDFCCB}.Release|Any CPU.Build.0 = Release|Any CPU
		{7C4FC8E1-4FCF-4BCF-A06B-1F4E8AB1FD85}.Debug|Any CPU.ActiveCfg = Debug|Any CPU
		{7C4FC8E1-4FCF-4BCF-A06B-1F4E8AB1FD85}.Debug|Any CPU.Build.0 = Debug|Any CPU
		{7C4FC8E1-4FCF-4BCF-A06B-1F4E8AB1FD85}.Release|Any CPU.ActiveCfg = Release|Any CPU
		{7C4FC8E1-4FCF-4BCF-A06B-1F4E8AB1FD85}.Release|Any CPU.Build.0 = Release|Any CPU
		{485B8644-FACA-4F88-B928-3E73C0AC5748}.Debug|Any CPU.ActiveCfg = Debug|Any CPU
		{485B8644-FACA-4F88-B928-3E73C0AC5748}.Debug|Any CPU.Build.0 = Debug|Any CPU
		{485B8644-FACA-4F88-B928-3E73C0AC5748}.Release|Any CPU.ActiveCfg = Release|Any CPU
		{485B8644-FACA-4F88-B928-3E73C0AC5748}.Release|Any CPU.Build.0 = Release|Any CPU
		{29D1BF13-DCC2-4A57-94A9-ED4EA85D2F68}.Debug|Any CPU.ActiveCfg = Debug|Any CPU
		{29D1BF13-DCC2-4A57-94A9-ED4EA85D2F68}.Debug|Any CPU.Build.0 = Debug|Any CPU
		{29D1BF13-DCC2-4A57-94A9-ED4EA85D2F68}.Release|Any CPU.ActiveCfg = Release|Any CPU
		{29D1BF13-DCC2-4A57-94A9-ED4EA85D2F68}.Release|Any CPU.Build.0 = Release|Any CPU
		{75A5AA93-52AE-416E-84D5-4C87C0205690}.Debug|Any CPU.ActiveCfg = Debug|Any CPU
		{75A5AA93-52AE-416E-84D5-4C87C0205690}.Debug|Any CPU.Build.0 = Debug|Any CPU
		{75A5AA93-52AE-416E-84D5-4C87C0205690}.Release|Any CPU.ActiveCfg = Release|Any CPU
		{75A5AA93-52AE-416E-84D5-4C87C0205690}.Release|Any CPU.Build.0 = Release|Any CPU
		{69322433-0F49-4EE2-A367-F7CB32C918C9}.Debug|Any CPU.ActiveCfg = Debug|Any CPU
		{69322433-0F49-4EE2-A367-F7CB32C918C9}.Debug|Any CPU.Build.0 = Debug|Any CPU
		{69322433-0F49-4EE2-A367-F7CB32C918C9}.Release|Any CPU.ActiveCfg = Release|Any CPU
		{69322433-0F49-4EE2-A367-F7CB32C918C9}.Release|Any CPU.Build.0 = Release|Any CPU
		{225FFA3E-983E-4BA8-96E3-FAB10D352362}.Debug|Any CPU.ActiveCfg = Debug|Any CPU
		{225FFA3E-983E-4BA8-96E3-FAB10D352362}.Debug|Any CPU.Build.0 = Debug|Any CPU
		{225FFA3E-983E-4BA8-96E3-FAB10D352362}.Release|Any CPU.ActiveCfg = Release|Any CPU
		{225FFA3E-983E-4BA8-96E3-FAB10D352362}.Release|Any CPU.Build.0 = Release|Any CPU
		{8DA0F615-EAFB-4D17-83F4-7EEE726DEFE1}.Debug|Any CPU.ActiveCfg = Debug|Any CPU
		{8DA0F615-EAFB-4D17-83F4-7EEE726DEFE1}.Debug|Any CPU.Build.0 = Debug|Any CPU
		{8DA0F615-EAFB-4D17-83F4-7EEE726DEFE1}.Release|Any CPU.ActiveCfg = Release|Any CPU
		{8DA0F615-EAFB-4D17-83F4-7EEE726DEFE1}.Release|Any CPU.Build.0 = Release|Any CPU
		{0AF09CDF-57D9-4153-A796-4E03C77166B1}.Debug|Any CPU.ActiveCfg = Debug|Any CPU
		{0AF09CDF-57D9-4153-A796-4E03C77166B1}.Debug|Any CPU.Build.0 = Debug|Any CPU
		{0AF09CDF-57D9-4153-A796-4E03C77166B1}.Release|Any CPU.ActiveCfg = Release|Any CPU
		{0AF09CDF-57D9-4153-A796-4E03C77166B1}.Release|Any CPU.Build.0 = Release|Any CPU
		{D0F82EC4-1C73-40BA-923F-1A7333F4CBFB}.Debug|Any CPU.ActiveCfg = Debug|Any CPU
		{D0F82EC4-1C73-40BA-923F-1A7333F4CBFB}.Debug|Any CPU.Build.0 = Debug|Any CPU
		{D0F82EC4-1C73-40BA-923F-1A7333F4CBFB}.Release|Any CPU.ActiveCfg = Release|Any CPU
		{D0F82EC4-1C73-40BA-923F-1A7333F4CBFB}.Release|Any CPU.Build.0 = Release|Any CPU
	EndGlobalSection
	GlobalSection(SolutionProperties) = preSolution
		HideSolutionNode = FALSE
	EndGlobalSection
	GlobalSection(ExtensibilityGlobals) = postSolution
		SolutionGuid = {9B096D6C-6E58-48EA-B9EC-1F0025EBC32F}
	EndGlobalSection
EndGlobal
